
Microsoft Visual Studio Solution File, Format Version 12.00
# Visual Studio Version 16
VisualStudioVersion = 25.0.1704.0
MinimumVisualStudioVersion = 10.0.40219.1
Project("{FAE04EC0-301F-11D3-BF4B-00C04F79EFBC}") = "WUG.MAUI.Blazor.Web", "WUG.MAUI.Blazor.Web\WUG.MAUI.Blazor.Web.csproj", "{09580C34-825B-4B8F-91D8-5BFB8077D455}"
EndProject
Project("{FAE04EC0-301F-11D3-BF4B-00C04F79EFBC}") = "WUG.MAUI.Blazor.App", "WUG.MAUI.Blazor.App\WUG.MAUI.Blazor.App.csproj", "{6909F2A9-8A1E-416D-A86A-4E010A448E91}"
EndProject
Project("{FAE04EC0-301F-11D3-BF4B-00C04F79EFBC}") = "WUG.MAUI.Blazor.Components", "WUG.MAUI.Blazor.Components\WUG.MAUI.Blazor.Components.csproj", "{58483AB6-FEB6-456A-BA92-901CB7CB6E00}"
EndProject
Global
	GlobalSection(SolutionConfigurationPlatforms) = preSolution
		Debug|Any CPU = Debug|Any CPU
		Release|Any CPU = Release|Any CPU
	EndGlobalSection
	GlobalSection(ProjectConfigurationPlatforms) = postSolution
		{09580C34-825B-4B8F-91D8-5BFB8077D455}.Debug|Any CPU.ActiveCfg = Debug|Any CPU
		{09580C34-825B-4B8F-91D8-5BFB8077D455}.Debug|Any CPU.Build.0 = Debug|Any CPU
		{09580C34-825B-4B8F-91D8-5BFB8077D455}.Release|Any CPU.ActiveCfg = Release|Any CPU
		{09580C34-825B-4B8F-91D8-5BFB8077D455}.Release|Any CPU.Build.0 = Release|Any CPU
		{6909F2A9-8A1E-416D-A86A-4E010A448E91}.Debug|Any CPU.ActiveCfg = Debug|Any CPU
		{6909F2A9-8A1E-416D-A86A-4E010A448E91}.Debug|Any CPU.Build.0 = Debug|Any CPU
		{6909F2A9-8A1E-416D-A86A-4E010A448E91}.Release|Any CPU.ActiveCfg = Release|Any CPU
		{6909F2A9-8A1E-416D-A86A-4E010A448E91}.Release|Any CPU.Build.0 = Release|Any CPU
		{58483AB6-FEB6-456A-BA92-901CB7CB6E00}.Debug|Any CPU.ActiveCfg = Debug|Any CPU
		{58483AB6-FEB6-456A-BA92-901CB7CB6E00}.Debug|Any CPU.Build.0 = Debug|Any CPU
		{58483AB6-FEB6-456A-BA92-901CB7CB6E00}.Release|Any CPU.ActiveCfg = Release|Any CPU
		{58483AB6-FEB6-456A-BA92-901CB7CB6E00}.Release|Any CPU.Build.0 = Release|Any CPU
	EndGlobalSection
	GlobalSection(SolutionProperties) = preSolution
		HideSolutionNode = FALSE
	EndGlobalSection
	GlobalSection(ExtensibilityGlobals) = postSolution
		SolutionGuid = {52D055D9-214E-428F-868D-8BDD648BC0C7}
	EndGlobalSection
EndGlobal
